{
  "meteor": {},
  "dependencies": {
    "basePackages": {
      "bootboxjs": {}
    },
    "packages": {
      "bootboxjs": {
        "git": "https://github.com/TimHeckel/meteor-bootboxjs.git",
        "tag": "v3.2.2",
        "commit": "580adfebfa12b4d2186a80cec1109dab74ad6228"
      }
    }
  }
}
